
Microsoft Visual Studio Solution File, Format Version 12.00
# Visual Studio Version 17
VisualStudioVersion = 17.4.33122.133
MinimumVisualStudioVersion = 10.0.40219.1
Project("{FAE04EC0-301F-11D3-BF4B-00C04F79EFBC}") = "AutoGlass", "AutoGlass.csproj", "{450327BA-5115-4DF7-A9EC-C188A606BBCE}"
EndProject
Global
	GlobalSection(SolutionConfigurationPlatforms) = preSolution
		Debug|Any CPU = Debug|Any CPU
		Release|Any CPU = Release|Any CPU
	EndGlobalSection
	GlobalSection(ProjectConfigurationPlatforms) = postSolution
		{450327BA-5115-4DF7-A9EC-C188A606BBCE}.Debug|Any CPU.ActiveCfg = Debug|Any CPU
		{450327BA-5115-4DF7-A9EC-C188A606BBCE}.Debug|Any CPU.Build.0 = Debug|Any CPU
		{450327BA-5115-4DF7-A9EC-C188A606BBCE}.Release|Any CPU.ActiveCfg = Release|Any CPU
		{450327BA-5115-4DF7-A9EC-C188A606BBCE}.Release|Any CPU.Build.0 = Release|Any CPU
	EndGlobalSection
	GlobalSection(SolutionProperties) = preSolution
		HideSolutionNode = FALSE
	EndGlobalSection
	GlobalSection(ExtensibilityGlobals) = postSolution
		SolutionGuid = {E8F7747D-9112-4485-9EF1-DAE2AD628569}
	EndGlobalSection
EndGlobal
